// !$*UTF8*$!
{
	archiveVersion = 1;
	classes = {
	};
	objectVersion = 46;
	objects = {

/* Begin PBXBuildFile section */
		18B964C71F007F4D008C71E9 /* CurrentWeatherView.swift in Sources */ = {isa = PBXBuildFile; fileRef = 18B964C61F007F4D008C71E9 /* CurrentWeatherView.swift */; };
		18B964C91F007FE8008C71E9 /* NetworkProcessor.swift in Sources */ = {isa = PBXBuildFile; fileRef = 18B964C81F007FE8008C71E9 /* NetworkProcessor.swift */; };
		18B964CC1F009A03008C71E9 /* ForecastService.swift in Sources */ = {isa = PBXBuildFile; fileRef = 18B964CB1F009A03008C71E9 /* ForecastService.swift */; };
		18B964D01F009D94008C71E9 /* CurrentWeather.swift in Sources */ = {isa = PBXBuildFile; fileRef = 18B964CF1F009D94008C71E9 /* CurrentWeather.swift */; };
		52BB63761ED4B56000A264E0 /* AppDelegate.swift in Sources */ = {isa = PBXBuildFile; fileRef = 52BB63751ED4B56000A264E0 /* AppDelegate.swift */; };
		52BB637B1ED4B56000A264E0 /* Main.storyboard in Resources */ = {isa = PBXBuildFile; fileRef = 52BB63791ED4B56000A264E0 /* Main.storyboard */; };
		52BB637D1ED4B56000A264E0 /* Assets.xcassets in Resources */ = {isa = PBXBuildFile; fileRef = 52BB637C1ED4B56000A264E0 /* Assets.xcassets */; };
		52BB63801ED4B56000A264E0 /* LaunchScreen.storyboard in Resources */ = {isa = PBXBuildFile; fileRef = 52BB637E1ED4B56000A264E0 /* LaunchScreen.storyboard */; };
/* End PBXBuildFile section */

/* Begin PBXFileReference section */
		18B964C61F007F4D008C71E9 /* CurrentWeatherView.swift */ = {isa = PBXFileReference; lastKnownFileType = sourcecode.swift; path = CurrentWeatherView.swift; sourceTree = "<group>"; };
		18B964C81F007FE8008C71E9 /* NetworkProcessor.swift */ = {isa = PBXFileReference; lastKnownFileType = sourcecode.swift; path = NetworkProcessor.swift; sourceTree = "<group>"; };
		18B964CB1F009A03008C71E9 /* ForecastService.swift */ = {isa = PBXFileReference; lastKnownFileType = sourcecode.swift; path = ForecastService.swift; sourceTree = "<group>"; };
		18B964CF1F009D94008C71E9 /* CurrentWeather.swift */ = {isa = PBXFileReference; lastKnownFileType = sourcecode.swift; path = CurrentWeather.swift; sourceTree = "<group>"; };
		52BB63721ED4B56000A264E0 /* Weathery.app */ = {isa = PBXFileReference; explicitFileType = wrapper.application; includeInIndex = 0; path = Weathery.app; sourceTree = BUILT_PRODUCTS_DIR; };
		52BB63751ED4B56000A264E0 /* AppDelegate.swift */ = {isa = PBXFileReference; lastKnownFileType = sourcecode.swift; path = AppDelegate.swift; sourceTree = "<group>"; };
		52BB637A1ED4B56000A264E0 /* Base */ = {isa = PBXFileReference; lastKnownFileType = file.storyboard; name = Base; path = Base.lproj/Main.storyboard; sourceTree = "<group>"; };
		52BB637C1ED4B56000A264E0 /* Assets.xcassets */ = {isa = PBXFileReference; lastKnownFileType = folder.assetcatalog; path = Assets.xcassets; sourceTree = "<group>"; };
		52BB637F1ED4B56000A264E0 /* Base */ = {isa = PBXFileReference; lastKnownFileType = file.storyboard; name = Base; path = Base.lproj/LaunchScreen.storyboard; sourceTree = "<group>"; };
		52BB63811ED4B56000A264E0 /* Info.plist */ = {isa = PBXFileReference; lastKnownFileType = text.plist.xml; path = Info.plist; sourceTree = "<group>"; };
/* End PBXFileReference section */

/* Begin PBXFrameworksBuildPhase section */
		52BB636F1ED4B56000A264E0 /* Frameworks */ = {
			isa = PBXFrameworksBuildPhase;
			buildActionMask = 2147483647;
			files = (
			);
			runOnlyForDeploymentPostprocessing = 0;
		};
/* End PBXFrameworksBuildPhase section */

/* Begin PBXGroup section */
		18B964CA1F007FEE008C71E9 /* Modal */ = {
			isa = PBXGroup;
			children = (
				18B964C81F007FE8008C71E9 /* NetworkProcessor.swift */,
				18B964CB1F009A03008C71E9 /* ForecastService.swift */,
				18B964CF1F009D94008C71E9 /* CurrentWeather.swift */,
			);
			path = Modal;
			sourceTree = "<group>";
		};
		52BB63691ED4B55F00A264E0 = {
			isa = PBXGroup;
			children = (
				52BB63741ED4B56000A264E0 /* Weathery */,
				52BB63731ED4B56000A264E0 /* Products */,
			);
			sourceTree = "<group>";
		};
		52BB63731ED4B56000A264E0 /* Products */ = {
			isa = PBXGroup;
			children = (
				52BB63721ED4B56000A264E0 /* Weathery.app */,
			);
			name = Products;
			sourceTree = "<group>";
		};
		52BB63741ED4B56000A264E0 /* Weathery */ = {
			isa = PBXGroup;
			children = (
				52BB63751ED4B56000A264E0 /* AppDelegate.swift */,
				18B964C61F007F4D008C71E9 /* CurrentWeatherView.swift */,
				18B964CA1F007FEE008C71E9 /* Modal */,
				52BB63791ED4B56000A264E0 /* Main.storyboard */,
				52BB637C1ED4B56000A264E0 /* Assets.xcassets */,
				52BB637E1ED4B56000A264E0 /* LaunchScreen.storyboard */,
				52BB63811ED4B56000A264E0 /* Info.plist */,
			);
			path = Weathery;
			sourceTree = "<group>";
		};
/* End PBXGroup section */

/* Begin PBXNativeTarget section */
		52BB63711ED4B56000A264E0 /* Weathery */ = {
			isa = PBXNativeTarget;
			buildConfigurationList = 52BB63841ED4B56000A264E0 /* Build configuration list for PBXNativeTarget "Weathery" */;
			buildPhases = (
				52BB636E1ED4B56000A264E0 /* Sources */,
				52BB636F1ED4B56000A264E0 /* Frameworks */,
				52BB63701ED4B56000A264E0 /* Resources */,
			);
			buildRules = (
			);
			dependencies = (
			);
			name = Weathery;
			productName = Weathery;
			productReference = 52BB63721ED4B56000A264E0 /* Weathery.app */;
			productType = "com.apple.product-type.application";
		};
/* End PBXNativeTarget section */

/* Begin PBXProject section */
		52BB636A1ED4B55F00A264E0 /* Project object */ = {
			isa = PBXProject;
			attributes = {
				LastSwiftUpdateCheck = 0830;
				LastUpgradeCheck = 0900;
				ORGANIZATIONNAME = "Duc Tran";
				TargetAttributes = {
					52BB63711ED4B56000A264E0 = {
						CreatedOnToolsVersion = 8.3.2;
						LastSwiftMigration = 0900;
						ProvisioningStyle = Automatic;
					};
				};
			};
			buildConfigurationList = 52BB636D1ED4B55F00A264E0 /* Build configuration list for PBXProject "Weathery" */;
			compatibilityVersion = "Xcode 3.2";
			developmentRegion = English;
			hasScannedForEncodings = 0;
			knownRegions = (
				en,
				Base,
			);
			mainGroup = 52BB63691ED4B55F00A264E0;
			productRefGroup = 52BB63731ED4B56000A264E0 /* Products */;
			projectDirPath = "";
			projectRoot = "";
			targets = (
				52BB63711ED4B56000A264E0 /* Weathery */,
			);
		};
/* End PBXProject section */

/* Begin PBXResourcesBuildPhase section */
		52BB63701ED4B56000A264E0 /* Resources */ = {
			isa = PBXResourcesBuildPhase;
			buildActionMask = 2147483647;
			files = (
				52BB63801ED4B56000A264E0 /* LaunchScreen.storyboard in Resources */,
				52BB637D1ED4B56000A264E0 /* Assets.xcassets in Resources */,
				52BB637B1ED4B56000A264E0 /* Main.storyboard in Resources */,
			);
			runOnlyForDeploymentPostprocessing = 0;
		};
/* End PBXResourcesBuildPhase section */

/* Begin PBXSourcesBuildPhase section */
		52BB636E1ED4B56000A264E0 /* Sources */ = {
			isa = PBXSourcesBuildPhase;
			buildActionMask = 2147483647;
			files = (
				18B964CC1F009A03008C71E9 /* ForecastService.swift in Sources */,
				18B964D01F009D94008C71E9 /* CurrentWeather.swift in Sources */,
				18B964C91F007FE8008C71E9 /* NetworkProcessor.swift in Sources */,
				18B964C71F007F4D008C71E9 /* CurrentWeatherView.swift in Sources */,
				52BB63761ED4B56000A264E0 /* AppDelegate.swift in Sources */,
			);
			runOnlyForDeploymentPostprocessing = 0;
		};
/* End PBXSourcesBuildPhase section */

/* Begin PBXVariantGroup section */
		52BB63791ED4B56000A264E0 /* Main.storyboard */ = {
			isa = PBXVariantGroup;
			children = (
				52BB637A1ED4B56000A264E0 /* Base */,
			);
			name = Main.storyboard;
			sourceTree = "<group>";
		};
		52BB637E1ED4B56000A264E0 /* LaunchScreen.storyboard */ = {
			isa = PBXVariantGroup;
			children = (
				52BB637F1ED4B56000A264E0 /* Base */,
			);
			name = LaunchScreen.storyboard;
			sourceTree = "<group>";
		};
/* End PBXVariantGroup section */

/* Begin XCBuildConfiguration section */
		52BB63821ED4B56000A264E0 /* Debug */ = {
			isa = XCBuildConfiguration;
			buildSettings = {
				ALWAYS_SEARCH_USER_PATHS = NO;
				CLANG_ANALYZER_NONNULL = YES;
				CLANG_ANALYZER_NUMBER_OBJECT_CONVERSION = YES_AGGRESSIVE;
				CLANG_CXX_LANGUAGE_STANDARD = "gnu++0x";
				CLANG_CXX_LIBRARY = "libc++";
				CLANG_ENABLE_MODULES = YES;
				CLANG_ENABLE_OBJC_ARC = YES;
				CLANG_WARN_BLOCK_CAPTURE_AUTORELEASING = YES;
				CLANG_WARN_BOOL_CONVERSION = YES;
				CLANG_WARN_COMMA = YES;
				CLANG_WARN_CONSTANT_CONVERSION = YES;
				CLANG_WARN_DIRECT_OBJC_ISA_USAGE = YES_ERROR;
				CLANG_WARN_DOCUMENTATION_COMMENTS = YES;
				CLANG_WARN_EMPTY_BODY = YES;
				CLANG_WARN_ENUM_CONVERSION = YES;
				CLANG_WARN_INFINITE_RECURSION = YES;
				CLANG_WARN_INT_CONVERSION = YES;
				CLANG_WARN_NON_LITERAL_NULL_CONVERSION = YES;
				CLANG_WARN_OBJC_LITERAL_CONVERSION = YES;
				CLANG_WARN_OBJC_ROOT_CLASS = YES_ERROR;
				CLANG_WARN_RANGE_LOOP_ANALYSIS = YES;
				CLANG_WARN_STRICT_PROTOTYPES = YES;
				CLANG_WARN_SUSPICIOUS_MOVE = YES;
				CLANG_WARN_UNREACHABLE_CODE = YES;
				CLANG_WARN__DUPLICATE_METHOD_MATCH = YES;
				"CODE_SIGN_IDENTITY[sdk=iphoneos*]" = "iPhone Developer";
				COPY_PHASE_STRIP = NO;
				DEBUG_INFORMATION_FORMAT = dwarf;
				ENABLE_STRICT_OBJC_MSGSEND = YES;
				ENABLE_TESTABILITY = YES;
				GCC_C_LANGUAGE_STANDARD = gnu99;
				GCC_DYNAMIC_NO_PIC = NO;
				GCC_NO_COMMON_BLOCKS = YES;
				GCC_OPTIMIZATION_LEVEL = 0;
				GCC_PREPROCESSOR_DEFINITIONS = (
					"DEBUG=1",
					"$(inherited)",
				);
				GCC_WARN_64_TO_32_BIT_CONVERSION = YES;
				GCC_WARN_ABOUT_RETURN_TYPE = YES_ERROR;
				GCC_WARN_UNDECLARED_SELECTOR = YES;
				GCC_WARN_UNINITIALIZED_AUTOS = YES_AGGRESSIVE;
				GCC_WARN_UNUSED_FUNCTION = YES;
				GCC_WARN_UNUSED_VARIABLE = YES;
				IPHONEOS_DEPLOYMENT_TARGET = 10.3;
				MTL_ENABLE_DEBUG_INFO = YES;
				ONLY_ACTIVE_ARCH = YES;
				SDKROOT = iphoneos;
				SWIFT_ACTIVE_COMPILATION_CONDITIONS = DEBUG;
				SWIFT_OPTIMIZATION_LEVEL = "-Onone";
			};
			name = Debug;
		};
		52BB63831ED4B56000A264E0 /* Release */ = {
			isa = XCBuildConfiguration;
			buildSettings = {
				ALWAYS_SEARCH_USER_PATHS = NO;
				CLANG_ANALYZER_NONNULL = YES;
				CLANG_ANALYZER_NUMBER_OBJECT_CONVERSION = YES_AGGRESSIVE;
				CLANG_CXX_LANGUAGE_STANDARD = "gnu++0x";
				CLANG_CXX_LIBRARY = "libc++";
				CLANG_ENABLE_MODULES = YES;
				CLANG_ENABLE_OBJC_ARC = YES;
				CLANG_WARN_BLOCK_CAPTURE_AUTORELEASING = YES;
				CLANG_WARN_BOOL_CONVERSION = YES;
				CLANG_WARN_COMMA = YES;
				CLANG_WARN_CONSTANT_CONVERSION = YES;
				CLANG_WARN_DIRECT_OBJC_ISA_USAGE = YES_ERROR;
				CLANG_WARN_DOCUMENTATION_COMMENTS = YES;
				CLANG_WARN_EMPTY_BODY = YES;
				CLANG_WARN_ENUM_CONVERSION = YES;
				CLANG_WARN_INFINITE_RECURSION = YES;
				CLANG_WARN_INT_CONVERSION = YES;
				CLANG_WARN_NON_LITERAL_NULL_CONVERSION = YES;
				CLANG_WARN_OBJC_LITERAL_CONVERSION = YES;
				CLANG_WARN_OBJC_ROOT_CLASS = YES_ERROR;
				CLANG_WARN_RANGE_LOOP_ANALYSIS = YES;
				CLANG_WARN_STRICT_PROTOTYPES = YES;
				CLANG_WARN_SUSPICIOUS_MOVE = YES;
				CLANG_WARN_UNREACHABLE_CODE = YES;
				CLANG_WARN__DUPLICATE_METHOD_MATCH = YES;
				"CODE_SIGN_IDENTITY[sdk=iphoneos*]" = "iPhone Developer";
				COPY_PHASE_STRIP = NO;
				DEBUG_INFORMATION_FORMAT = "dwarf-with-dsym";
				ENABLE_NS_ASSERTIONS = NO;
				ENABLE_STRICT_OBJC_MSGSEND = YES;
				GCC_C_LANGUAGE_STANDARD = gnu99;
				GCC_NO_COMMON_BLOCKS = YES;
				GCC_WARN_64_TO_32_BIT_CONVERSION = YES;
				GCC_WARN_ABOUT_RETURN_TYPE = YES_ERROR;
				GCC_WARN_UNDECLARED_SELECTOR = YES;
				GCC_WARN_UNINITIALIZED_AUTOS = YES_AGGRESSIVE;
				GCC_WARN_UNUSED_FUNCTION = YES;
				GCC_WARN_UNUSED_VARIABLE = YES;
				IPHONEOS_DEPLOYMENT_TARGET = 10.3;
				MTL_ENABLE_DEBUG_INFO = NO;
				SDKROOT = iphoneos;
				SWIFT_OPTIMIZATION_LEVEL = "-Owholemodule";
				VALIDATE_PRODUCT = YES;
			};
			name = Release;
		};
		52BB63851ED4B56000A264E0 /* Debug */ = {
			isa = XCBuildConfiguration;
			buildSettings = {
				ASSETCATALOG_COMPILER_APPICON_NAME = AppIcon;
				CODE_SIGN_IDENTITY = "Developer ID Application: Guled Ali (H5P6FV868T)";
				"CODE_SIGN_IDENTITY[sdk=iphoneos*]" = "Developer ID Installer: Guled Ali (H5P6FV868T)";
				CODE_SIGN_STYLE = Automatic;
				DEVELOPMENT_TEAM = "";
				INFOPLIST_FILE = Weathery/Info.plist;
				LD_RUNPATH_SEARCH_PATHS = "$(inherited) @executable_path/Frameworks";
				PRODUCT_BUNDLE_IDENTIFIER = co.ductran.Weathery;
				PRODUCT_NAME = "$(TARGET_NAME)";
				SWIFT_SWIFT3_OBJC_INFERENCE = On;
				SWIFT_VERSION = 4.0;
				TARGETED_DEVICE_FAMILY = "1,2";
			};
			name = Debug;
		};
		52BB63861ED4B56000A264E0 /* Release */ = {
			isa = XCBuildConfiguration;
			buildSettings = {
				ASSETCATALOG_COMPILER_APPICON_NAME = AppIcon;
				CODE_SIGN_IDENTITY = "Developer ID Installer: Guled Ali (H5P6FV868T)";
				CODE_SIGN_STYLE = Automatic;
				DEVELOPMENT_TEAM = "";
				INFOPLIST_FILE = Weathery/Info.plist;
				LD_RUNPATH_SEARCH_PATHS = "$(inherited) @executable_path/Frameworks";
				PRODUCT_BUNDLE_IDENTIFIER = co.ductran.Weathery;
				PRODUCT_NAME = "$(TARGET_NAME)";
				SWIFT_SWIFT3_OBJC_INFERENCE = On;
				SWIFT_VERSION = 4.0;
				TARGETED_DEVICE_FAMILY = "1,2";
			};
			name = Release;
		};
/* End XCBuildConfiguration section */

/* Begin XCConfigurationList section */
		52BB636D1ED4B55F00A264E0 /* Build configuration list for PBXProject "Weathery" */ = {
			isa = XCConfigurationList;
			buildConfigurations = (
				52BB63821ED4B56000A264E0 /* Debug */,
				52BB63831ED4B56000A264E0 /* Release */,
			);
			defaultConfigurationIsVisible = 0;
			defaultConfigurationName = Release;
		};
		52BB63841ED4B56000A264E0 /* Build configuration list for PBXNativeTarget "Weathery" */ = {
			isa = XCConfigurationList;
			buildConfigurations = (
				52BB63851ED4B56000A264E0 /* Debug */,
				52BB63861ED4B56000A264E0 /* Release */,
			);
			defaultConfigurationIsVisible = 0;
			defaultConfigurationName = Release;
		};
/* End XCConfigurationList section */
	};
	rootObject = 52BB636A1ED4B55F00A264E0 /* Project object */;
}
